
Microsoft Visual Studio Solution File, Format Version 12.00
# Visual Studio Version 17
VisualStudioVersion = 17.3.32901.215
MinimumVisualStudioVersion = 10.0.40219.1
Project("{FAE04EC0-301F-11D3-BF4B-00C04F79EFBC}") = "project", "project\project.csproj", "{61C1FC84-7514-4686-AAB4-BBA7FE28ECDC}"
EndProject
Global
	GlobalSection(SolutionConfigurationPlatforms) = preSolution
		Debug|Any CPU = Debug|Any CPU
		Release|Any CPU = Release|Any CPU
	EndGlobalSection
	GlobalSection(ProjectConfigurationPlatforms) = postSolution
		{61C1FC84-7514-4686-AAB4-BBA7FE28ECDC}.Debug|Any CPU.ActiveCfg = Debug|Any CPU
		{61C1FC84-7514-4686-AAB4-BBA7FE28ECDC}.Debug|Any CPU.Build.0 = Debug|Any CPU
		{61C1FC84-7514-4686-AAB4-BBA7FE28ECDC}.Release|Any CPU.ActiveCfg = Release|Any CPU
		{61C1FC84-7514-4686-AAB4-BBA7FE28ECDC}.Release|Any CPU.Build.0 = Release|Any CPU
	EndGlobalSection
	GlobalSection(SolutionProperties) = preSolution
		HideSolutionNode = FALSE
	EndGlobalSection
	GlobalSection(ExtensibilityGlobals) = postSolution
		SolutionGuid = {BECF0D06-93F4-4C85-8BF7-F492C9197A0B}
	EndGlobalSection
EndGlobal
